<Solution>
  <Project Path="Assembly-CSharp.csproj" />
  <Project Path="Unity.Splines.Examples.Editor.csproj" />
  <Project Path="Unity.Splines.Examples.csproj" />
  <Project Path="Assembly-CSharp-Editor.csproj" />
  <Project Path="SplineMesh.Colliders.csproj" />
  <Project Path="SplineMesh.Editor.csproj" />
  <Project Path="SplineMesh.Runtime.csproj" />
</Solution>
